
Microsoft Visual Studio Solution File, Format Version 12.00
Project("{FAE04EC0-301F-11D3-BF4B-00C04F79EFBC}") = "Dx.Core", "Dx.Core\Dx.Core.csproj", "{68D9A320-E985-48FB-BC6A-BFD20EAFC390}"
EndProject
Project("{FAE04EC0-301F-11D3-BF4B-00C04F79EFBC}") = "Dx.AdminUtilities", "Dx.AdminUtilities\Dx.AdminUtilities.csproj", "{1CB3F2D4-0915-48B6-AF61-5F48B6E84F6F}"
EndProject
Project("{FAE04EC0-301F-11D3-BF4B-00C04F79EFBC}") = "Dx.Lobby", "Dx.Lobby\Dx.Lobby.csproj", "{1A0A2F92-CA1E-4259-8325-56947B431950}"
EndProject
Project("{FAE04EC0-301F-11D3-BF4B-00C04F79EFBC}") = "Dx.NoRules", "Dx.NoRules\Dx.NoRules.csproj", "{1FEBD499-C0FE-460E-80CD-FBFB990ECDAE}"
EndProject
Project("{FAE04EC0-301F-11D3-BF4B-00C04F79EFBC}") = "Dx.Events", "Dx.Events\Dx.Events.csproj", "{4DB7FE58-ACD8-4470-B76B-46C94A1F1993}"
EndProject
Project("{FAE04EC0-301F-11D3-BF4B-00C04F79EFBC}") = "Dx.Scp575", "Dx.Scp575\Dx.Scp575.csproj", "{13A4C3BE-8E68-4845-9534-3F740FA3A9EE}"
EndProject
Project("{FAE04EC0-301F-11D3-BF4B-00C04F79EFBC}") = "Dx.ProximityChat", "Dx.ProximityChat\Dx.ProximityChat.csproj", "{88894763-B3F1-4EE1-A694-83B9BF4A3421}"
EndProject
Project("{FAE04EC0-301F-11D3-BF4B-00C04F79EFBC}") = "Dx.Classic", "Dx.Classic\Dx.Classic.csproj", "{A2D15291-C76F-4FAE-83B7-FFF938B4CF2B}"
EndProject
Global
	GlobalSection(SolutionConfigurationPlatforms) = preSolution
		Debug|Any CPU = Debug|Any CPU
		Release|Any CPU = Release|Any CPU
	EndGlobalSection
	GlobalSection(ProjectConfigurationPlatforms) = postSolution
		{68D9A320-E985-48FB-BC6A-BFD20EAFC390}.Debug|Any CPU.ActiveCfg = Debug|Any CPU
		{68D9A320-E985-48FB-BC6A-BFD20EAFC390}.Debug|Any CPU.Build.0 = Debug|Any CPU
		{68D9A320-E985-48FB-BC6A-BFD20EAFC390}.Release|Any CPU.ActiveCfg = Release|Any CPU
		{68D9A320-E985-48FB-BC6A-BFD20EAFC390}.Release|Any CPU.Build.0 = Release|Any CPU
		{1CB3F2D4-0915-48B6-AF61-5F48B6E84F6F}.Debug|Any CPU.ActiveCfg = Debug|Any CPU
		{1CB3F2D4-0915-48B6-AF61-5F48B6E84F6F}.Debug|Any CPU.Build.0 = Debug|Any CPU
		{1CB3F2D4-0915-48B6-AF61-5F48B6E84F6F}.Release|Any CPU.ActiveCfg = Release|Any CPU
		{1CB3F2D4-0915-48B6-AF61-5F48B6E84F6F}.Release|Any CPU.Build.0 = Release|Any CPU
		{1A0A2F92-CA1E-4259-8325-56947B431950}.Debug|Any CPU.ActiveCfg = Debug|Any CPU
		{1A0A2F92-CA1E-4259-8325-56947B431950}.Debug|Any CPU.Build.0 = Debug|Any CPU
		{1A0A2F92-CA1E-4259-8325-56947B431950}.Release|Any CPU.ActiveCfg = Release|Any CPU
		{1A0A2F92-CA1E-4259-8325-56947B431950}.Release|Any CPU.Build.0 = Release|Any CPU
		{1FEBD499-C0FE-460E-80CD-FBFB990ECDAE}.Debug|Any CPU.ActiveCfg = Debug|Any CPU
		{1FEBD499-C0FE-460E-80CD-FBFB990ECDAE}.Debug|Any CPU.Build.0 = Debug|Any CPU
		{1FEBD499-C0FE-460E-80CD-FBFB990ECDAE}.Release|Any CPU.ActiveCfg = Release|Any CPU
		{1FEBD499-C0FE-460E-80CD-FBFB990ECDAE}.Release|Any CPU.Build.0 = Release|Any CPU
		{4DB7FE58-ACD8-4470-B76B-46C94A1F1993}.Debug|Any CPU.ActiveCfg = Debug|Any CPU
		{4DB7FE58-ACD8-4470-B76B-46C94A1F1993}.Debug|Any CPU.Build.0 = Debug|Any CPU
		{4DB7FE58-ACD8-4470-B76B-46C94A1F1993}.Release|Any CPU.ActiveCfg = Release|Any CPU
		{4DB7FE58-ACD8-4470-B76B-46C94A1F1993}.Release|Any CPU.Build.0 = Release|Any CPU
		{13A4C3BE-8E68-4845-9534-3F740FA3A9EE}.Debug|Any CPU.ActiveCfg = Debug|Any CPU
		{13A4C3BE-8E68-4845-9534-3F740FA3A9EE}.Debug|Any CPU.Build.0 = Debug|Any CPU
		{13A4C3BE-8E68-4845-9534-3F740FA3A9EE}.Release|Any CPU.ActiveCfg = Release|Any CPU
		{13A4C3BE-8E68-4845-9534-3F740FA3A9EE}.Release|Any CPU.Build.0 = Release|Any CPU
		{88894763-B3F1-4EE1-A694-83B9BF4A3421}.Debug|Any CPU.ActiveCfg = Debug|Any CPU
		{88894763-B3F1-4EE1-A694-83B9BF4A3421}.Debug|Any CPU.Build.0 = Debug|Any CPU
		{88894763-B3F1-4EE1-A694-83B9BF4A3421}.Release|Any CPU.ActiveCfg = Release|Any CPU
		{88894763-B3F1-4EE1-A694-83B9BF4A3421}.Release|Any CPU.Build.0 = Release|Any CPU
		{A2D15291-C76F-4FAE-83B7-FFF938B4CF2B}.Debug|Any CPU.ActiveCfg = Debug|Any CPU
		{A2D15291-C76F-4FAE-83B7-FFF938B4CF2B}.Debug|Any CPU.Build.0 = Debug|Any CPU
		{A2D15291-C76F-4FAE-83B7-FFF938B4CF2B}.Release|Any CPU.ActiveCfg = Release|Any CPU
		{A2D15291-C76F-4FAE-83B7-FFF938B4CF2B}.Release|Any CPU.Build.0 = Release|Any CPU
	EndGlobalSection
EndGlobal
